
Microsoft Visual Studio Solution File, Format Version 12.00
# Visual Studio 15
VisualStudioVersion = 15.0.27130.2036
MinimumVisualStudioVersion = 10.0.40219.1
Project("{FAE04EC0-301F-11D3-BF4B-00C04F79EFBC}") = "BinaryAndXmlSerialization", "BinaryAndXmlSerialization\BinaryAndXmlSerialization.csproj", "{30580E66-E027-4941-AA56-74383AE69BB8}"
EndProject
Project("{FAE04EC0-301F-11D3-BF4B-00C04F79EFBC}") = "SerializationDLL", "SerializationDLL\SerializationDLL.csproj", "{9B841D89-89F6-47EB-A681-C5AF36CDA14A}"
EndProject
Global
	GlobalSection(SolutionConfigurationPlatforms) = preSolution
		Debug|Any CPU = Debug|Any CPU
		Release|Any CPU = Release|Any CPU
	EndGlobalSection
	GlobalSection(ProjectConfigurationPlatforms) = postSolution
		{30580E66-E027-4941-AA56-74383AE69BB8}.Debug|Any CPU.ActiveCfg = Debug|Any CPU
		{30580E66-E027-4941-AA56-74383AE69BB8}.Debug|Any CPU.Build.0 = Debug|Any CPU
		{30580E66-E027-4941-AA56-74383AE69BB8}.Release|Any CPU.ActiveCfg = Release|Any CPU
		{30580E66-E027-4941-AA56-74383AE69BB8}.Release|Any CPU.Build.0 = Release|Any CPU
		{9B841D89-89F6-47EB-A681-C5AF36CDA14A}.Debug|Any CPU.ActiveCfg = Debug|Any CPU
		{9B841D89-89F6-47EB-A681-C5AF36CDA14A}.Debug|Any CPU.Build.0 = Debug|Any CPU
		{9B841D89-89F6-47EB-A681-C5AF36CDA14A}.Release|Any CPU.ActiveCfg = Release|Any CPU
		{9B841D89-89F6-47EB-A681-C5AF36CDA14A}.Release|Any CPU.Build.0 = Release|Any CPU
	EndGlobalSection
	GlobalSection(SolutionProperties) = preSolution
		HideSolutionNode = FALSE
	EndGlobalSection
	GlobalSection(ExtensibilityGlobals) = postSolution
		SolutionGuid = {663B08C4-4C02-4CAE-81F9-F4F2EAA92895}
	EndGlobalSection
EndGlobal
